
Microsoft Visual Studio Solution File, Format Version 12.00
# Visual Studio Version 16
VisualStudioVersion = 16.0.32106.194
MinimumVisualStudioVersion = 10.0.40219.1
Project("{FAE04EC0-301F-11D3-BF4B-00C04F79EFBC}") = "Skladistenje", "Skladistenje\Skladistenje.csproj", "{54B9281D-027A-4422-8B8E-B9C04D60B1E1}"
EndProject
Project("{54435603-DBB4-11D2-8724-00A0C9A8B90C}") = "Setup", "Setup\Setup.vdproj", "{5CC669A5-BC8B-4F5C-9739-D1D0AA18FE4A}"
EndProject
Global
	GlobalSection(SolutionConfigurationPlatforms) = preSolution
		Debug|Any CPU = Debug|Any CPU
		Release|Any CPU = Release|Any CPU
	EndGlobalSection
	GlobalSection(ProjectConfigurationPlatforms) = postSolution
		{54B9281D-027A-4422-8B8E-B9C04D60B1E1}.Debug|Any CPU.ActiveCfg = Debug|Any CPU
		{54B9281D-027A-4422-8B8E-B9C04D60B1E1}.Debug|Any CPU.Build.0 = Debug|Any CPU
		{54B9281D-027A-4422-8B8E-B9C04D60B1E1}.Release|Any CPU.ActiveCfg = Release|Any CPU
		{54B9281D-027A-4422-8B8E-B9C04D60B1E1}.Release|Any CPU.Build.0 = Release|Any CPU
		{5CC669A5-BC8B-4F5C-9739-D1D0AA18FE4A}.Debug|Any CPU.ActiveCfg = Debug
		{5CC669A5-BC8B-4F5C-9739-D1D0AA18FE4A}.Release|Any CPU.ActiveCfg = Release
	EndGlobalSection
	GlobalSection(SolutionProperties) = preSolution
		HideSolutionNode = FALSE
	EndGlobalSection
	GlobalSection(ExtensibilityGlobals) = postSolution
		SolutionGuid = {AF79EB09-016E-4FBF-931F-487C26C4C1EE}
	EndGlobalSection
EndGlobal
